
Microsoft Visual Studio Solution File, Format Version 12.00
# Visual Studio 15
VisualStudioVersion = 15.0.28307.271
MinimumVisualStudioVersion = 10.0.40219.1
Project("{FAE04EC0-301F-11D3-BF4B-00C04F79EFBC}") = "WS", "WS\WS.csproj", "{320D94D2-6F8F-4DFE-BD56-88635427879C}"
EndProject
Global
	GlobalSection(SolutionConfigurationPlatforms) = preSolution
		Debug|Any CPU = Debug|Any CPU
		Release|Any CPU = Release|Any CPU
	EndGlobalSection
	GlobalSection(ProjectConfigurationPlatforms) = postSolution
		{320D94D2-6F8F-4DFE-BD56-88635427879C}.Debug|Any CPU.ActiveCfg = Debug|Any CPU
		{320D94D2-6F8F-4DFE-BD56-88635427879C}.Debug|Any CPU.Build.0 = Debug|Any CPU
		{320D94D2-6F8F-4DFE-BD56-88635427879C}.Release|Any CPU.ActiveCfg = Release|Any CPU
		{320D94D2-6F8F-4DFE-BD56-88635427879C}.Release|Any CPU.Build.0 = Release|Any CPU
	EndGlobalSection
	GlobalSection(SolutionProperties) = preSolution
		HideSolutionNode = FALSE
	EndGlobalSection
	GlobalSection(ExtensibilityGlobals) = postSolution
		SolutionGuid = {A5885AF7-94B3-4DC3-A5B7-7F9AB69900D6}
	EndGlobalSection
EndGlobal
